
Microsoft Visual Studio Solution File, Format Version 12.00
# Visual Studio Version 16
VisualStudioVersion = 16.0.33801.447
MinimumVisualStudioVersion = 10.0.40219.1
Project("{FAE04EC0-301F-11D3-BF4B-00C04F79EFBC}") = "PM01_520_Alyoshin", "PM01_520_Alyoshin\PM01_520_Alyoshin.csproj", "{F253A3D5-54AF-4BB4-B238-05F790EF569A}"
EndProject
Global
	GlobalSection(SolutionConfigurationPlatforms) = preSolution
		Debug|Any CPU = Debug|Any CPU
		Release|Any CPU = Release|Any CPU
	EndGlobalSection
	GlobalSection(ProjectConfigurationPlatforms) = postSolution
		{F253A3D5-54AF-4BB4-B238-05F790EF569A}.Debug|Any CPU.ActiveCfg = Debug|Any CPU
		{F253A3D5-54AF-4BB4-B238-05F790EF569A}.Debug|Any CPU.Build.0 = Debug|Any CPU
		{F253A3D5-54AF-4BB4-B238-05F790EF569A}.Release|Any CPU.ActiveCfg = Release|Any CPU
		{F253A3D5-54AF-4BB4-B238-05F790EF569A}.Release|Any CPU.Build.0 = Release|Any CPU
	EndGlobalSection
	GlobalSection(SolutionProperties) = preSolution
		HideSolutionNode = FALSE
	EndGlobalSection
	GlobalSection(ExtensibilityGlobals) = postSolution
		SolutionGuid = {12F2A5DD-4CA1-4B54-BACD-5BE8E5CBAC6C}
	EndGlobalSection
EndGlobal
